
Microsoft Visual Studio Solution File, Format Version 12.00
# Visual Studio Version 17
VisualStudioVersion = 17.14.36212.18
MinimumVisualStudioVersion = 10.0.40219.1
Project("{9A19103F-16F7-4668-BE54-9A1E7A4F7556}") = "FulcrumFS", "Source\FulcrumFS\FulcrumFS.csproj", "{89AE02BC-3E9A-49CE-95AA-B6225F7E9AFC}"
EndProject
Project("{FAE04EC0-301F-11D3-BF4B-00C04F79EFBC}") = "FulcrumFS.Tests", "Tests\FulcrumFS.Tests\FulcrumFS.Tests.csproj", "{43D7D8D8-B82A-4309-917F-3083B5BECCC3}"
EndProject
Project("{2150E333-8FDC-42A3-9474-1A3956D46DE8}") = "Tests", "Tests", "{42064B01-EE8C-463B-897C-5E9F7FB395C4}"
EndProject
Project("{2150E333-8FDC-42A3-9474-1A3956D46DE8}") = "Source", "Source", "{02EA681E-C7D8-13C7-8484-4AC65E1B71E8}"
EndProject
Project("{FAE04EC0-301F-11D3-BF4B-00C04F79EFBC}") = "FulcrumFS.Images", "Source\FulcrumFS.Images\FulcrumFS.Images.csproj", "{1AB360CF-0EBC-49F2-881F-35A8BB5AE3A8}"
EndProject
Project("{FAE04EC0-301F-11D3-BF4B-00C04F79EFBC}") = "FulcrumFS.Images.Tests", "Tests\FulcrumFS.Images.Tests\FulcrumFS.Images.Tests.csproj", "{55F4D68A-7FF3-401A-A1B6-87763B2210CF}"
EndProject
Project("{FAE04EC0-301F-11D3-BF4B-00C04F79EFBC}") = "FulcrumFS.Core", "Source\FulcrumFS.Core\FulcrumFS.Core.csproj", "{49BDC88A-4E1F-4998-8FA0-D6FB88D7C2BE}"
EndProject
Project("{FAE04EC0-301F-11D3-BF4B-00C04F79EFBC}") = "FulcrumFS.Videos", "Source\FulcrumFS.Videos\FulcrumFS.Videos.csproj", "{6A827A52-EA6E-4A82-80F7-62A585CBC438}"
EndProject
Global
	GlobalSection(SolutionConfigurationPlatforms) = preSolution
		Debug|Any CPU = Debug|Any CPU
		Debug|x64 = Debug|x64
		Debug|x86 = Debug|x86
		Release|Any CPU = Release|Any CPU
		Release|x64 = Release|x64
		Release|x86 = Release|x86
	EndGlobalSection
	GlobalSection(ProjectConfigurationPlatforms) = postSolution
		{89AE02BC-3E9A-49CE-95AA-B6225F7E9AFC}.Debug|Any CPU.ActiveCfg = Debug|Any CPU
		{89AE02BC-3E9A-49CE-95AA-B6225F7E9AFC}.Debug|Any CPU.Build.0 = Debug|Any CPU
		{89AE02BC-3E9A-49CE-95AA-B6225F7E9AFC}.Debug|x64.ActiveCfg = Debug|Any CPU
		{89AE02BC-3E9A-49CE-95AA-B6225F7E9AFC}.Debug|x64.Build.0 = Debug|Any CPU
		{89AE02BC-3E9A-49CE-95AA-B6225F7E9AFC}.Debug|x86.ActiveCfg = Debug|Any CPU
		{89AE02BC-3E9A-49CE-95AA-B6225F7E9AFC}.Debug|x86.Build.0 = Debug|Any CPU
		{89AE02BC-3E9A-49CE-95AA-B6225F7E9AFC}.Release|Any CPU.ActiveCfg = Release|Any CPU
		{89AE02BC-3E9A-49CE-95AA-B6225F7E9AFC}.Release|Any CPU.Build.0 = Release|Any CPU
		{89AE02BC-3E9A-49CE-95AA-B6225F7E9AFC}.Release|x64.ActiveCfg = Release|Any CPU
		{89AE02BC-3E9A-49CE-95AA-B6225F7E9AFC}.Release|x64.Build.0 = Release|Any CPU
		{89AE02BC-3E9A-49CE-95AA-B6225F7E9AFC}.Release|x86.ActiveCfg = Release|Any CPU
		{89AE02BC-3E9A-49CE-95AA-B6225F7E9AFC}.Release|x86.Build.0 = Release|Any CPU
		{43D7D8D8-B82A-4309-917F-3083B5BECCC3}.Debug|Any CPU.ActiveCfg = Debug|Any CPU
		{43D7D8D8-B82A-4309-917F-3083B5BECCC3}.Debug|Any CPU.Build.0 = Debug|Any CPU
		{43D7D8D8-B82A-4309-917F-3083B5BECCC3}.Debug|x64.ActiveCfg = Debug|Any CPU
		{43D7D8D8-B82A-4309-917F-3083B5BECCC3}.Debug|x64.Build.0 = Debug|Any CPU
		{43D7D8D8-B82A-4309-917F-3083B5BECCC3}.Debug|x86.ActiveCfg = Debug|Any CPU
		{43D7D8D8-B82A-4309-917F-3083B5BECCC3}.Debug|x86.Build.0 = Debug|Any CPU
		{43D7D8D8-B82A-4309-917F-3083B5BECCC3}.Release|Any CPU.ActiveCfg = Release|Any CPU
		{43D7D8D8-B82A-4309-917F-3083B5BECCC3}.Release|Any CPU.Build.0 = Release|Any CPU
		{43D7D8D8-B82A-4309-917F-3083B5BECCC3}.Release|x64.ActiveCfg = Release|Any CPU
		{43D7D8D8-B82A-4309-917F-3083B5BECCC3}.Release|x64.Build.0 = Release|Any CPU
		{43D7D8D8-B82A-4309-917F-3083B5BECCC3}.Release|x86.ActiveCfg = Release|Any CPU
		{43D7D8D8-B82A-4309-917F-3083B5BECCC3}.Release|x86.Build.0 = Release|Any CPU
		{1AB360CF-0EBC-49F2-881F-35A8BB5AE3A8}.Debug|Any CPU.ActiveCfg = Debug|Any CPU
		{1AB360CF-0EBC-49F2-881F-35A8BB5AE3A8}.Debug|Any CPU.Build.0 = Debug|Any CPU
		{1AB360CF-0EBC-49F2-881F-35A8BB5AE3A8}.Debug|x64.ActiveCfg = Debug|Any CPU
		{1AB360CF-0EBC-49F2-881F-35A8BB5AE3A8}.Debug|x64.Build.0 = Debug|Any CPU
		{1AB360CF-0EBC-49F2-881F-35A8BB5AE3A8}.Debug|x86.ActiveCfg = Debug|Any CPU
		{1AB360CF-0EBC-49F2-881F-35A8BB5AE3A8}.Debug|x86.Build.0 = Debug|Any CPU
		{1AB360CF-0EBC-49F2-881F-35A8BB5AE3A8}.Release|Any CPU.ActiveCfg = Release|Any CPU
		{1AB360CF-0EBC-49F2-881F-35A8BB5AE3A8}.Release|Any CPU.Build.0 = Release|Any CPU
		{1AB360CF-0EBC-49F2-881F-35A8BB5AE3A8}.Release|x64.ActiveCfg = Release|Any CPU
		{1AB360CF-0EBC-49F2-881F-35A8BB5AE3A8}.Release|x64.Build.0 = Release|Any CPU
		{1AB360CF-0EBC-49F2-881F-35A8BB5AE3A8}.Release|x86.ActiveCfg = Release|Any CPU
		{1AB360CF-0EBC-49F2-881F-35A8BB5AE3A8}.Release|x86.Build.0 = Release|Any CPU
		{55F4D68A-7FF3-401A-A1B6-87763B2210CF}.Debug|Any CPU.ActiveCfg = Debug|Any CPU
		{55F4D68A-7FF3-401A-A1B6-87763B2210CF}.Debug|Any CPU.Build.0 = Debug|Any CPU
		{55F4D68A-7FF3-401A-A1B6-87763B2210CF}.Debug|x64.ActiveCfg = Debug|Any CPU
		{55F4D68A-7FF3-401A-A1B6-87763B2210CF}.Debug|x64.Build.0 = Debug|Any CPU
		{55F4D68A-7FF3-401A-A1B6-87763B2210CF}.Debug|x86.ActiveCfg = Debug|Any CPU
		{55F4D68A-7FF3-401A-A1B6-87763B2210CF}.Debug|x86.Build.0 = Debug|Any CPU
		{55F4D68A-7FF3-401A-A1B6-87763B2210CF}.Release|Any CPU.ActiveCfg = Release|Any CPU
		{55F4D68A-7FF3-401A-A1B6-87763B2210CF}.Release|Any CPU.Build.0 = Release|Any CPU
		{55F4D68A-7FF3-401A-A1B6-87763B2210CF}.Release|x64.ActiveCfg = Release|Any CPU
		{55F4D68A-7FF3-401A-A1B6-87763B2210CF}.Release|x64.Build.0 = Release|Any CPU
		{55F4D68A-7FF3-401A-A1B6-87763B2210CF}.Release|x86.ActiveCfg = Release|Any CPU
		{55F4D68A-7FF3-401A-A1B6-87763B2210CF}.Release|x86.Build.0 = Release|Any CPU
		{49BDC88A-4E1F-4998-8FA0-D6FB88D7C2BE}.Debug|Any CPU.ActiveCfg = Debug|Any CPU
		{49BDC88A-4E1F-4998-8FA0-D6FB88D7C2BE}.Debug|Any CPU.Build.0 = Debug|Any CPU
		{49BDC88A-4E1F-4998-8FA0-D6FB88D7C2BE}.Debug|x64.ActiveCfg = Debug|Any CPU
		{49BDC88A-4E1F-4998-8FA0-D6FB88D7C2BE}.Debug|x64.Build.0 = Debug|Any CPU
		{49BDC88A-4E1F-4998-8FA0-D6FB88D7C2BE}.Debug|x86.ActiveCfg = Debug|Any CPU
		{49BDC88A-4E1F-4998-8FA0-D6FB88D7C2BE}.Debug|x86.Build.0 = Debug|Any CPU
		{49BDC88A-4E1F-4998-8FA0-D6FB88D7C2BE}.Release|Any CPU.ActiveCfg = Release|Any CPU
		{49BDC88A-4E1F-4998-8FA0-D6FB88D7C2BE}.Release|Any CPU.Build.0 = Release|Any CPU
		{49BDC88A-4E1F-4998-8FA0-D6FB88D7C2BE}.Release|x64.ActiveCfg = Release|Any CPU
		{49BDC88A-4E1F-4998-8FA0-D6FB88D7C2BE}.Release|x64.Build.0 = Release|Any CPU
		{49BDC88A-4E1F-4998-8FA0-D6FB88D7C2BE}.Release|x86.ActiveCfg = Release|Any CPU
		{49BDC88A-4E1F-4998-8FA0-D6FB88D7C2BE}.Release|x86.Build.0 = Release|Any CPU
		{6A827A52-EA6E-4A82-80F7-62A585CBC438}.Debug|Any CPU.ActiveCfg = Debug|Any CPU
		{6A827A52-EA6E-4A82-80F7-62A585CBC438}.Debug|Any CPU.Build.0 = Debug|Any CPU
		{6A827A52-EA6E-4A82-80F7-62A585CBC438}.Debug|x64.ActiveCfg = Debug|Any CPU
		{6A827A52-EA6E-4A82-80F7-62A585CBC438}.Debug|x64.Build.0 = Debug|Any CPU
		{6A827A52-EA6E-4A82-80F7-62A585CBC438}.Debug|x86.ActiveCfg = Debug|Any CPU
		{6A827A52-EA6E-4A82-80F7-62A585CBC438}.Debug|x86.Build.0 = Debug|Any CPU
		{6A827A52-EA6E-4A82-80F7-62A585CBC438}.Release|Any CPU.ActiveCfg = Release|Any CPU
		{6A827A52-EA6E-4A82-80F7-62A585CBC438}.Release|Any CPU.Build.0 = Release|Any CPU
		{6A827A52-EA6E-4A82-80F7-62A585CBC438}.Release|x64.ActiveCfg = Release|Any CPU
		{6A827A52-EA6E-4A82-80F7-62A585CBC438}.Release|x64.Build.0 = Release|Any CPU
		{6A827A52-EA6E-4A82-80F7-62A585CBC438}.Release|x86.ActiveCfg = Release|Any CPU
		{6A827A52-EA6E-4A82-80F7-62A585CBC438}.Release|x86.Build.0 = Release|Any CPU
	EndGlobalSection
	GlobalSection(SolutionProperties) = preSolution
		HideSolutionNode = FALSE
	EndGlobalSection
	GlobalSection(NestedProjects) = preSolution
		{89AE02BC-3E9A-49CE-95AA-B6225F7E9AFC} = {02EA681E-C7D8-13C7-8484-4AC65E1B71E8}
		{43D7D8D8-B82A-4309-917F-3083B5BECCC3} = {42064B01-EE8C-463B-897C-5E9F7FB395C4}
		{1AB360CF-0EBC-49F2-881F-35A8BB5AE3A8} = {02EA681E-C7D8-13C7-8484-4AC65E1B71E8}
		{55F4D68A-7FF3-401A-A1B6-87763B2210CF} = {42064B01-EE8C-463B-897C-5E9F7FB395C4}
		{49BDC88A-4E1F-4998-8FA0-D6FB88D7C2BE} = {02EA681E-C7D8-13C7-8484-4AC65E1B71E8}
		{6A827A52-EA6E-4A82-80F7-62A585CBC438} = {02EA681E-C7D8-13C7-8484-4AC65E1B71E8}
	EndGlobalSection
	GlobalSection(ExtensibilityGlobals) = postSolution
		SolutionGuid = {B1A06F60-4A33-4818-A949-F527DAC4D3A8}
	EndGlobalSection
EndGlobal
